// !$*UTF8*$!
{
	archiveVersion = 1;
	classes = {
	};
	objectVersion = 56;
	objects = {

/* Begin PBXBuildFile section */
		D898343D29C0F40300BB142A /* AppDelegate.swift in Sources */ = {isa = PBXBuildFile; fileRef = D898343C29C0F40300BB142A /* AppDelegate.swift */; };
		D898343F29C0F40300BB142A /* SceneDelegate.swift in Sources */ = {isa = PBXBuildFile; fileRef = D898343E29C0F40300BB142A /* SceneDelegate.swift */; };
		D898344129C0F40300BB142A /* VerificationViewController.swift in Sources */ = {isa = PBXBuildFile; fileRef = D898344029C0F40300BB142A /* VerificationViewController.swift */; };
		D898344629C0F40400BB142A /* Assets.xcassets in Resources */ = {isa = PBXBuildFile; fileRef = D898344529C0F40400BB142A /* Assets.xcassets */; };
		D898344929C0F40400BB142A /* LaunchScreen.storyboard in Resources */ = {isa = PBXBuildFile; fileRef = D898344729C0F40400BB142A /* LaunchScreen.storyboard */; };
		D898345629C0FFE200BB142A /* StatusLabel.swift in Sources */ = {isa = PBXBuildFile; fileRef = D898345529C0FFE200BB142A /* StatusLabel.swift */; };
		D898345A29C102DE00BB142A /* UIStackView + ext.swift in Sources */ = {isa = PBXBuildFile; fileRef = D898345929C102DE00BB142A /* UIStackView + ext.swift */; };
		D898345C29C1C33D00BB142A /* MailTextField.swift in Sources */ = {isa = PBXBuildFile; fileRef = D898345B29C1C33D00BB142A /* MailTextField.swift */; };
		D898345E29C1C5DE00BB142A /* VerificationButton.swift in Sources */ = {isa = PBXBuildFile; fileRef = D898345D29C1C5DE00BB142A /* VerificationButton.swift */; };
		D898346029C1C70700BB142A /* MailsCollectionView.swift in Sources */ = {isa = PBXBuildFile; fileRef = D898345F29C1C70700BB142A /* MailsCollectionView.swift */; };
		D898346329C1C7C900BB142A /* MailsCollectionViewCell.swift in Sources */ = {isa = PBXBuildFile; fileRef = D898346229C1C7C900BB142A /* MailsCollectionViewCell.swift */; };
		D898346629C2196800BB142A /* VerificationModel.swift in Sources */ = {isa = PBXBuildFile; fileRef = D898346529C2196800BB142A /* VerificationModel.swift */; };
		D898346829C222D700BB142A /* String + Ext.swift in Sources */ = {isa = PBXBuildFile; fileRef = D898346729C222D700BB142A /* String + Ext.swift */; };
		D898346B29C2515100BB142A /* MailApiKey.swift in Sources */ = {isa = PBXBuildFile; fileRef = D898346A29C2515100BB142A /* MailApiKey.swift */; };
/* End PBXBuildFile section */

/* Begin PBXFileReference section */
		D898343929C0F40300BB142A /* Junior-Test-Task.app */ = {isa = PBXFileReference; explicitFileType = wrapper.application; includeInIndex = 0; path = "Junior-Test-Task.app"; sourceTree = BUILT_PRODUCTS_DIR; };
		D898343C29C0F40300BB142A /* AppDelegate.swift */ = {isa = PBXFileReference; lastKnownFileType = sourcecode.swift; path = AppDelegate.swift; sourceTree = "<group>"; };
		D898343E29C0F40300BB142A /* SceneDelegate.swift */ = {isa = PBXFileReference; lastKnownFileType = sourcecode.swift; path = SceneDelegate.swift; sourceTree = "<group>"; };
		D898344029C0F40300BB142A /* VerificationViewController.swift */ = {isa = PBXFileReference; lastKnownFileType = sourcecode.swift; path = VerificationViewController.swift; sourceTree = "<group>"; };
		D898344529C0F40400BB142A /* Assets.xcassets */ = {isa = PBXFileReference; lastKnownFileType = folder.assetcatalog; path = Assets.xcassets; sourceTree = "<group>"; };
		D898344829C0F40400BB142A /* Base */ = {isa = PBXFileReference; lastKnownFileType = file.storyboard; name = Base; path = Base.lproj/LaunchScreen.storyboard; sourceTree = "<group>"; };
		D898344A29C0F40400BB142A /* Info.plist */ = {isa = PBXFileReference; lastKnownFileType = text.plist.xml; path = Info.plist; sourceTree = "<group>"; };
		D898345529C0FFE200BB142A /* StatusLabel.swift */ = {isa = PBXFileReference; lastKnownFileType = sourcecode.swift; path = StatusLabel.swift; sourceTree = "<group>"; };
		D898345929C102DE00BB142A /* UIStackView + ext.swift */ = {isa = PBXFileReference; lastKnownFileType = sourcecode.swift; path = "UIStackView + ext.swift"; sourceTree = "<group>"; };
		D898345B29C1C33D00BB142A /* MailTextField.swift */ = {isa = PBXFileReference; lastKnownFileType = sourcecode.swift; path = MailTextField.swift; sourceTree = "<group>"; };
		D898345D29C1C5DE00BB142A /* VerificationButton.swift */ = {isa = PBXFileReference; lastKnownFileType = sourcecode.swift; path = VerificationButton.swift; sourceTree = "<group>"; };
		D898345F29C1C70700BB142A /* MailsCollectionView.swift */ = {isa = PBXFileReference; lastKnownFileType = sourcecode.swift; path = MailsCollectionView.swift; sourceTree = "<group>"; };
		D898346229C1C7C900BB142A /* MailsCollectionViewCell.swift */ = {isa = PBXFileReference; lastKnownFileType = sourcecode.swift; path = MailsCollectionViewCell.swift; sourceTree = "<group>"; };
		D898346529C2196800BB142A /* VerificationModel.swift */ = {isa = PBXFileReference; lastKnownFileType = sourcecode.swift; path = VerificationModel.swift; sourceTree = "<group>"; };
		D898346729C222D700BB142A /* String + Ext.swift */ = {isa = PBXFileReference; lastKnownFileType = sourcecode.swift; path = "String + Ext.swift"; sourceTree = "<group>"; };
		D898346A29C2515100BB142A /* MailApiKey.swift */ = {isa = PBXFileReference; lastKnownFileType = sourcecode.swift; path = MailApiKey.swift; sourceTree = "<group>"; };
/* End PBXFileReference section */

/* Begin PBXFrameworksBuildPhase section */
		D898343629C0F40300BB142A /* Frameworks */ = {
			isa = PBXFrameworksBuildPhase;
			buildActionMask = 2147483647;
			files = (
			);
			runOnlyForDeploymentPostprocessing = 0;
		};
/* End PBXFrameworksBuildPhase section */

/* Begin PBXGroup section */
		D898343029C0F40300BB142A = {
			isa = PBXGroup;
			children = (
				D898343B29C0F40300BB142A /* Junior-Test-Task */,
				D898343A29C0F40300BB142A /* Products */,
			);
			sourceTree = "<group>";
		};
		D898343A29C0F40300BB142A /* Products */ = {
			isa = PBXGroup;
			children = (
				D898343929C0F40300BB142A /* Junior-Test-Task.app */,
			);
			name = Products;
			sourceTree = "<group>";
		};
		D898343B29C0F40300BB142A /* Junior-Test-Task */ = {
			isa = PBXGroup;
			children = (
				D898345029C0F6CB00BB142A /* Application */,
				D898345129C0F6D300BB142A /* Models */,
				D898345329C0F6E200BB142A /* Views */,
				D898345229C0F6D900BB142A /* Controllers */,
				D898345729C102AF00BB142A /* Extensions */,
				D898346929C2513200BB142A /* Network */,
				D898345429C0F6F300BB142A /* Resources */,
			);
			path = "Junior-Test-Task";
			sourceTree = "<group>";
		};
		D898345029C0F6CB00BB142A /* Application */ = {
			isa = PBXGroup;
			children = (
				D898343E29C0F40300BB142A /* SceneDelegate.swift */,
				D898343C29C0F40300BB142A /* AppDelegate.swift */,
			);
			path = Application;
			sourceTree = "<group>";
		};
		D898345129C0F6D300BB142A /* Models */ = {
			isa = PBXGroup;
			children = (
				D898346529C2196800BB142A /* VerificationModel.swift */,
			);
			path = Models;
			sourceTree = "<group>";
		};
		D898345229C0F6D900BB142A /* Controllers */ = {
			isa = PBXGroup;
			children = (
				D898344029C0F40300BB142A /* VerificationViewController.swift */,
			);
			path = Controllers;
			sourceTree = "<group>";
		};
		D898345329C0F6E200BB142A /* Views */ = {
			isa = PBXGroup;
			children = (
				D898346129C1C7B500BB142A /* Cells */,
				D898346429C1C96200BB142A /* VerificationVC */,
			);
			path = Views;
			sourceTree = "<group>";
		};
		D898345429C0F6F300BB142A /* Resources */ = {
			isa = PBXGroup;
			children = (
				D898344529C0F40400BB142A /* Assets.xcassets */,
				D898344729C0F40400BB142A /* LaunchScreen.storyboard */,
				D898344A29C0F40400BB142A /* Info.plist */,
			);
			path = Resources;
			sourceTree = "<group>";
		};
		D898345729C102AF00BB142A /* Extensions */ = {
			isa = PBXGroup;
			children = (
				D898345829C102C800BB142A /* UIKit */,
				D898346729C222D700BB142A /* String + Ext.swift */,
			);
			path = Extensions;
			sourceTree = "<group>";
		};
		D898345829C102C800BB142A /* UIKit */ = {
			isa = PBXGroup;
			children = (
				D898345929C102DE00BB142A /* UIStackView + ext.swift */,
			);
			path = UIKit;
			sourceTree = "<group>";
		};
		D898346129C1C7B500BB142A /* Cells */ = {
			isa = PBXGroup;
			children = (
				D898346229C1C7C900BB142A /* MailsCollectionViewCell.swift */,
			);
			path = Cells;
			sourceTree = "<group>";
		};
		D898346429C1C96200BB142A /* VerificationVC */ = {
			isa = PBXGroup;
			children = (
				D898345529C0FFE200BB142A /* StatusLabel.swift */,
				D898345B29C1C33D00BB142A /* MailTextField.swift */,
				D898345D29C1C5DE00BB142A /* VerificationButton.swift */,
				D898345F29C1C70700BB142A /* MailsCollectionView.swift */,
			);
			path = VerificationVC;
			sourceTree = "<group>";
		};
		D898346929C2513200BB142A /* Network */ = {
			isa = PBXGroup;
			children = (
				D898346A29C2515100BB142A /* MailApiKey.swift */,
			);
			path = Network;
			sourceTree = "<group>";
		};
/* End PBXGroup section */

/* Begin PBXNativeTarget section */
		D898343829C0F40300BB142A /* Junior-Test-Task */ = {
			isa = PBXNativeTarget;
			buildConfigurationList = D898344D29C0F40400BB142A /* Build configuration list for PBXNativeTarget "Junior-Test-Task" */;
			buildPhases = (
				D898343529C0F40300BB142A /* Sources */,
				D898343629C0F40300BB142A /* Frameworks */,
				D898343729C0F40300BB142A /* Resources */,
			);
			buildRules = (
			);
			dependencies = (
			);
			name = "Junior-Test-Task";
			productName = "Junior-Test-Task";
			productReference = D898343929C0F40300BB142A /* Junior-Test-Task.app */;
			productType = "com.apple.product-type.application";
		};
/* End PBXNativeTarget section */

/* Begin PBXProject section */
		D898343129C0F40300BB142A /* Project object */ = {
			isa = PBXProject;
			attributes = {
				BuildIndependentTargetsInParallel = 1;
				LastSwiftUpdateCheck = 1420;
				LastUpgradeCheck = 1420;
				TargetAttributes = {
					D898343829C0F40300BB142A = {
						CreatedOnToolsVersion = 14.2;
					};
				};
			};
			buildConfigurationList = D898343429C0F40300BB142A /* Build configuration list for PBXProject "Junior-Test-Task" */;
			compatibilityVersion = "Xcode 14.0";
			developmentRegion = en;
			hasScannedForEncodings = 0;
			knownRegions = (
				en,
				Base,
			);
			mainGroup = D898343029C0F40300BB142A;
			productRefGroup = D898343A29C0F40300BB142A /* Products */;
			projectDirPath = "";
			projectRoot = "";
			targets = (
				D898343829C0F40300BB142A /* Junior-Test-Task */,
			);
		};
/* End PBXProject section */

/* Begin PBXResourcesBuildPhase section */
		D898343729C0F40300BB142A /* Resources */ = {
			isa = PBXResourcesBuildPhase;
			buildActionMask = 2147483647;
			files = (
				D898344929C0F40400BB142A /* LaunchScreen.storyboard in Resources */,
				D898344629C0F40400BB142A /* Assets.xcassets in Resources */,
			);
			runOnlyForDeploymentPostprocessing = 0;
		};
/* End PBXResourcesBuildPhase section */

/* Begin PBXSourcesBuildPhase section */
		D898343529C0F40300BB142A /* Sources */ = {
			isa = PBXSourcesBuildPhase;
			buildActionMask = 2147483647;
			files = (
				D898346629C2196800BB142A /* VerificationModel.swift in Sources */,
				D898345629C0FFE200BB142A /* StatusLabel.swift in Sources */,
				D898346029C1C70700BB142A /* MailsCollectionView.swift in Sources */,
				D898346329C1C7C900BB142A /* MailsCollectionViewCell.swift in Sources */,
				D898346829C222D700BB142A /* String + Ext.swift in Sources */,
				D898346B29C2515100BB142A /* MailApiKey.swift in Sources */,
				D898345E29C1C5DE00BB142A /* VerificationButton.swift in Sources */,
				D898344129C0F40300BB142A /* VerificationViewController.swift in Sources */,
				D898345C29C1C33D00BB142A /* MailTextField.swift in Sources */,
				D898343D29C0F40300BB142A /* AppDelegate.swift in Sources */,
				D898343F29C0F40300BB142A /* SceneDelegate.swift in Sources */,
				D898345A29C102DE00BB142A /* UIStackView + ext.swift in Sources */,
			);
			runOnlyForDeploymentPostprocessing = 0;
		};
/* End PBXSourcesBuildPhase section */

/* Begin PBXVariantGroup section */
		D898344729C0F40400BB142A /* LaunchScreen.storyboard */ = {
			isa = PBXVariantGroup;
			children = (
				D898344829C0F40400BB142A /* Base */,
			);
			name = LaunchScreen.storyboard;
			sourceTree = "<group>";
		};
/* End PBXVariantGroup section */

/* Begin XCBuildConfiguration section */
		D898344B29C0F40400BB142A /* Debug */ = {
			isa = XCBuildConfiguration;
			buildSettings = {
				ALWAYS_SEARCH_USER_PATHS = NO;
				CLANG_ANALYZER_NONNULL = YES;
				CLANG_ANALYZER_NUMBER_OBJECT_CONVERSION = YES_AGGRESSIVE;
				CLANG_CXX_LANGUAGE_STANDARD = "gnu++20";
				CLANG_ENABLE_MODULES = YES;
				CLANG_ENABLE_OBJC_ARC = YES;
				CLANG_ENABLE_OBJC_WEAK = YES;
				CLANG_WARN_BLOCK_CAPTURE_AUTORELEASING = YES;
				CLANG_WARN_BOOL_CONVERSION = YES;
				CLANG_WARN_COMMA = YES;
				CLANG_WARN_CONSTANT_CONVERSION = YES;
				CLANG_WARN_DEPRECATED_OBJC_IMPLEMENTATIONS = YES;
				CLANG_WARN_DIRECT_OBJC_ISA_USAGE = YES_ERROR;
				CLANG_WARN_DOCUMENTATION_COMMENTS = YES;
				CLANG_WARN_EMPTY_BODY = YES;
				CLANG_WARN_ENUM_CONVERSION = YES;
				CLANG_WARN_INFINITE_RECURSION = YES;
				CLANG_WARN_INT_CONVERSION = YES;
				CLANG_WARN_NON_LITERAL_NULL_CONVERSION = YES;
				CLANG_WARN_OBJC_IMPLICIT_RETAIN_SELF = YES;
				CLANG_WARN_OBJC_LITERAL_CONVERSION = YES;
				CLANG_WARN_OBJC_ROOT_CLASS = YES_ERROR;
				CLANG_WARN_QUOTED_INCLUDE_IN_FRAMEWORK_HEADER = YES;
				CLANG_WARN_RANGE_LOOP_ANALYSIS = YES;
				CLANG_WARN_STRICT_PROTOTYPES = YES;
				CLANG_WARN_SUSPICIOUS_MOVE = YES;
				CLANG_WARN_UNGUARDED_AVAILABILITY = YES_AGGRESSIVE;
				CLANG_WARN_UNREACHABLE_CODE = YES;
				CLANG_WARN__DUPLICATE_METHOD_MATCH = YES;
				COPY_PHASE_STRIP = NO;
				DEBUG_INFORMATION_FORMAT = dwarf;
				ENABLE_STRICT_OBJC_MSGSEND = YES;
				ENABLE_TESTABILITY = YES;
				GCC_C_LANGUAGE_STANDARD = gnu11;
				GCC_DYNAMIC_NO_PIC = NO;
				GCC_NO_COMMON_BLOCKS = YES;
				GCC_OPTIMIZATION_LEVEL = 0;
				GCC_PREPROCESSOR_DEFINITIONS = (
					"DEBUG=1",
					"$(inherited)",
				);
				GCC_WARN_64_TO_32_BIT_CONVERSION = YES;
				GCC_WARN_ABOUT_RETURN_TYPE = YES_ERROR;
				GCC_WARN_UNDECLARED_SELECTOR = YES;
				GCC_WARN_UNINITIALIZED_AUTOS = YES_AGGRESSIVE;
				GCC_WARN_UNUSED_FUNCTION = YES;
				GCC_WARN_UNUSED_VARIABLE = YES;
				IPHONEOS_DEPLOYMENT_TARGET = 16.2;
				MTL_ENABLE_DEBUG_INFO = INCLUDE_SOURCE;
				MTL_FAST_MATH = YES;
				ONLY_ACTIVE_ARCH = YES;
				SDKROOT = iphoneos;
				SWIFT_ACTIVE_COMPILATION_CONDITIONS = DEBUG;
				SWIFT_OPTIMIZATION_LEVEL = "-Onone";
			};
			name = Debug;
		};
		D898344C29C0F40400BB142A /* Release */ = {
			isa = XCBuildConfiguration;
			buildSettings = {
				ALWAYS_SEARCH_USER_PATHS = NO;
				CLANG_ANALYZER_NONNULL = YES;
				CLANG_ANALYZER_NUMBER_OBJECT_CONVERSION = YES_AGGRESSIVE;
				CLANG_CXX_LANGUAGE_STANDARD = "gnu++20";
				CLANG_ENABLE_MODULES = YES;
				CLANG_ENABLE_OBJC_ARC = YES;
				CLANG_ENABLE_OBJC_WEAK = YES;
				CLANG_WARN_BLOCK_CAPTURE_AUTORELEASING = YES;
				CLANG_WARN_BOOL_CONVERSION = YES;
				CLANG_WARN_COMMA = YES;
				CLANG_WARN_CONSTANT_CONVERSION = YES;
				CLANG_WARN_DEPRECATED_OBJC_IMPLEMENTATIONS = YES;
				CLANG_WARN_DIRECT_OBJC_ISA_USAGE = YES_ERROR;
				CLANG_WARN_DOCUMENTATION_COMMENTS = YES;
				CLANG_WARN_EMPTY_BODY = YES;
				CLANG_WARN_ENUM_CONVERSION = YES;
				CLANG_WARN_INFINITE_RECURSION = YES;
				CLANG_WARN_INT_CONVERSION = YES;
				CLANG_WARN_NON_LITERAL_NULL_CONVERSION = YES;
				CLANG_WARN_OBJC_IMPLICIT_RETAIN_SELF = YES;
				CLANG_WARN_OBJC_LITERAL_CONVERSION = YES;
				CLANG_WARN_OBJC_ROOT_CLASS = YES_ERROR;
				CLANG_WARN_QUOTED_INCLUDE_IN_FRAMEWORK_HEADER = YES;
				CLANG_WARN_RANGE_LOOP_ANALYSIS = YES;
				CLANG_WARN_STRICT_PROTOTYPES = YES;
				CLANG_WARN_SUSPICIOUS_MOVE = YES;
				CLANG_WARN_UNGUARDED_AVAILABILITY = YES_AGGRESSIVE;
				CLANG_WARN_UNREACHABLE_CODE = YES;
				CLANG_WARN__DUPLICATE_METHOD_MATCH = YES;
				COPY_PHASE_STRIP = NO;
				DEBUG_INFORMATION_FORMAT = "dwarf-with-dsym";
				ENABLE_NS_ASSERTIONS = NO;
				ENABLE_STRICT_OBJC_MSGSEND = YES;
				GCC_C_LANGUAGE_STANDARD = gnu11;
				GCC_NO_COMMON_BLOCKS = YES;
				GCC_WARN_64_TO_32_BIT_CONVERSION = YES;
				GCC_WARN_ABOUT_RETURN_TYPE = YES_ERROR;
				GCC_WARN_UNDECLARED_SELECTOR = YES;
				GCC_WARN_UNINITIALIZED_AUTOS = YES_AGGRESSIVE;
				GCC_WARN_UNUSED_FUNCTION = YES;
				GCC_WARN_UNUSED_VARIABLE = YES;
				IPHONEOS_DEPLOYMENT_TARGET = 16.2;
				MTL_ENABLE_DEBUG_INFO = NO;
				MTL_FAST_MATH = YES;
				SDKROOT = iphoneos;
				SWIFT_COMPILATION_MODE = wholemodule;
				SWIFT_OPTIMIZATION_LEVEL = "-O";
				VALIDATE_PRODUCT = YES;
			};
			name = Release;
		};
		D898344E29C0F40400BB142A /* Debug */ = {
			isa = XCBuildConfiguration;
			buildSettings = {
				ASSETCATALOG_COMPILER_APPICON_NAME = AppIcon;
				ASSETCATALOG_COMPILER_GLOBAL_ACCENT_COLOR_NAME = AccentColor;
				CODE_SIGN_STYLE = Automatic;
				CURRENT_PROJECT_VERSION = 1;
				GENERATE_INFOPLIST_FILE = YES;
				INFOPLIST_FILE = "Junior-Test-Task/Resources/Info.plist";
				INFOPLIST_KEY_UIApplicationSupportsIndirectInputEvents = YES;
				INFOPLIST_KEY_UILaunchStoryboardName = LaunchScreen;
				INFOPLIST_KEY_UISupportedInterfaceOrientations_iPad = "UIInterfaceOrientationPortrait UIInterfaceOrientationPortraitUpsideDown UIInterfaceOrientationLandscapeLeft UIInterfaceOrientationLandscapeRight";
				INFOPLIST_KEY_UISupportedInterfaceOrientations_iPhone = "UIInterfaceOrientationPortrait UIInterfaceOrientationLandscapeLeft UIInterfaceOrientationLandscapeRight";
				LD_RUNPATH_SEARCH_PATHS = (
					"$(inherited)",
					"@executable_path/Frameworks",
				);
				MARKETING_VERSION = 1.0;
				PRODUCT_BUNDLE_IDENTIFIER = "develop.Junior-Test-Task";
				PRODUCT_NAME = "$(TARGET_NAME)";
				SWIFT_EMIT_LOC_STRINGS = YES;
				SWIFT_VERSION = 5.0;
				TARGETED_DEVICE_FAMILY = "1,2";
			};
			name = Debug;
		};
		D898344F29C0F40400BB142A /* Release */ = {
			isa = XCBuildConfiguration;
			buildSettings = {
				ASSETCATALOG_COMPILER_APPICON_NAME = AppIcon;
				ASSETCATALOG_COMPILER_GLOBAL_ACCENT_COLOR_NAME = AccentColor;
				CODE_SIGN_STYLE = Automatic;
				CURRENT_PROJECT_VERSION = 1;
				GENERATE_INFOPLIST_FILE = YES;
				INFOPLIST_FILE = "Junior-Test-Task/Resources/Info.plist";
				INFOPLIST_KEY_UIApplicationSupportsIndirectInputEvents = YES;
				INFOPLIST_KEY_UILaunchStoryboardName = LaunchScreen;
				INFOPLIST_KEY_UISupportedInterfaceOrientations_iPad = "UIInterfaceOrientationPortrait UIInterfaceOrientationPortraitUpsideDown UIInterfaceOrientationLandscapeLeft UIInterfaceOrientationLandscapeRight";
				INFOPLIST_KEY_UISupportedInterfaceOrientations_iPhone = "UIInterfaceOrientationPortrait UIInterfaceOrientationLandscapeLeft UIInterfaceOrientationLandscapeRight";
				LD_RUNPATH_SEARCH_PATHS = (
					"$(inherited)",
					"@executable_path/Frameworks",
				);
				MARKETING_VERSION = 1.0;
				PRODUCT_BUNDLE_IDENTIFIER = "develop.Junior-Test-Task";
				PRODUCT_NAME = "$(TARGET_NAME)";
				SWIFT_EMIT_LOC_STRINGS = YES;
				SWIFT_VERSION = 5.0;
				TARGETED_DEVICE_FAMILY = "1,2";
			};
			name = Release;
		};
/* End XCBuildConfiguration section */

/* Begin XCConfigurationList section */
		D898343429C0F40300BB142A /* Build configuration list for PBXProject "Junior-Test-Task" */ = {
			isa = XCConfigurationList;
			buildConfigurations = (
				D898344B29C0F40400BB142A /* Debug */,
				D898344C29C0F40400BB142A /* Release */,
			);
			defaultConfigurationIsVisible = 0;
			defaultConfigurationName = Release;
		};
		D898344D29C0F40400BB142A /* Build configuration list for PBXNativeTarget "Junior-Test-Task" */ = {
			isa = XCConfigurationList;
			buildConfigurations = (
				D898344E29C0F40400BB142A /* Debug */,
				D898344F29C0F40400BB142A /* Release */,
			);
			defaultConfigurationIsVisible = 0;
			defaultConfigurationName = Release;
		};
/* End XCConfigurationList section */
	};
	rootObject = D898343129C0F40300BB142A /* Project object */;
}
